// !$*UTF8*$!
{
	archiveVersion = 1;
	classes = {
	};
	objectVersion = 46;
	objects = {
/* Begin PBXBuildFile section */
		0207DA581B56EA530066E2B4 /* Images.xcassets in Resources */ = {isa = PBXBuildFile; fileRef = 0207DA571B56EA530066E2B4 /* Images.xcassets */; };
		1D3623260D0F684500981E51 /* AppDelegate.m in Sources */ = {isa = PBXBuildFile; fileRef = 1D3623250D0F684500981E51 /* AppDelegate.m */; };
		1D60589B0D05DD56006BFB54 /* main.m in Sources */ = {isa = PBXBuildFile; fileRef = 29B97316FDCFA39411CA2CEA /* main.m */; };
		301BF552109A68D80062928A /* libCordova.a in Frameworks */ = {isa = PBXBuildFile; fileRef = 301BF535109A57CC0062928A /* libCordova.a */; };
		302D95F114D2391D003F00A1 /* MainViewController.m in Sources */ = {isa = PBXBuildFile; fileRef = 302D95EF14D2391D003F00A1 /* MainViewController.m */; };
		302D95F214D2391D003F00A1 /* MainViewController.xib in Resources */ = {isa = PBXBuildFile; fileRef = 302D95F014D2391D003F00A1 /* MainViewController.xib */; };
		3047A5121AB8059700498E2A /* build-debug.xcconfig in Resources */ = {isa = PBXBuildFile; fileRef = 3047A50F1AB8059700498E2A /* build-debug.xcconfig */; };
		3047A5131AB8059700498E2A /* build-release.xcconfig in Resources */ = {isa = PBXBuildFile; fileRef = 3047A5101AB8059700498E2A /* build-release.xcconfig */; };
		3047A5141AB8059700498E2A /* build.xcconfig in Resources */ = {isa = PBXBuildFile; fileRef = 3047A5111AB8059700498E2A /* build.xcconfig */; };
		6AFF5BF91D6E424B00AB3073 /* CDVLaunchScreen.storyboard in Resources */ = {isa = PBXBuildFile; fileRef = 6AFF5BF81D6E424B00AB3073 /* CDVLaunchScreen.storyboard */; };
		DC616C19AF5846828BAF94EC /* CDVLogger.m in Sources */ = {isa = PBXBuildFile; fileRef = 8007FAA7B56F4A2CB7317D61 /* CDVLogger.m */; };
		300E17033BD84A3686EDF7C8 /* CDVDevice.m in Sources */ = {isa = PBXBuildFile; fileRef = 9B3E4119B0854B0F83A8EEE4 /* CDVDevice.m */; };
		6B0C5DC282744F6A86A1C4E7 /* CDVSplashScreen.m in Sources */ = {isa = PBXBuildFile; fileRef = D0AD406C9D81404EB65173BD /* CDVSplashScreen.m */; };
		8FED05554A8747BCBB2F4918 /* CDVViewController+SplashScreen.m in Sources */ = {isa = PBXBuildFile; fileRef = 71BB92C27B454B13BCC6B504 /* CDVViewController+SplashScreen.m */; };
		A9DC974C260740B1832919BF /* CDVStatusBar.m in Sources */ = {isa = PBXBuildFile; fileRef = 7AE488A5021343088A1E48FA /* CDVStatusBar.m */; };
		F9A5983D4D72455A86F61B7C /* IonicKeyboard.m in Sources */ = {isa = PBXBuildFile; fileRef = EEAD626F882E495CA08CA1EB /* IonicKeyboard.m */; };
		D5D1891929AD4AA1BBCCCB7A /* CDVFile.m in Sources */ = {isa = PBXBuildFile; fileRef = 3A059051186348818778C847 /* CDVFile.m */; };
		EEF92B0E88984F86BF5167E0 /* CDVLocalFilesystem.m in Sources */ = {isa = PBXBuildFile; fileRef = 214293CF5008495C888C7742 /* CDVLocalFilesystem.m */; };
		2B7375CB19BD42F491E5FFE5 /* CDVAssetLibraryFilesystem.m in Sources */ = {isa = PBXBuildFile; fileRef = 6FEB077E9D4145D088BDAE0A /* CDVAssetLibraryFilesystem.m */; };
		F0B0D8B582BE4860912CE360 /* CordovaHttpPlugin.m in Sources */ = {isa = PBXBuildFile; fileRef = D4DB6A2EC0D24772ACF09539 /* CordovaHttpPlugin.m */; };
		1FF973DA6FF5409A9C08D1E3 /* TextResponseSerializer.m in Sources */ = {isa = PBXBuildFile; fileRef = ABB765372F86427C90E6E6F4 /* TextResponseSerializer.m */; };
		2A42D7828CDC4EA481065AAF /* AFHTTPSessionManager.m in Sources */ = {isa = PBXBuildFile; fileRef = 8585F3F4EE71415C880B1C2C /* AFHTTPSessionManager.m */; };
		F4C52D37492B4FA8A8C1167B /* AFNetworkReachabilityManager.m in Sources */ = {isa = PBXBuildFile; fileRef = 5FA5439DFD9946B884A03397 /* AFNetworkReachabilityManager.m */; };
		BBCB4ED3DE22474DA24D4F65 /* AFSecurityPolicy.m in Sources */ = {isa = PBXBuildFile; fileRef = 102B9E6BC79841FD8AA1C4F9 /* AFSecurityPolicy.m */; };
		F2A40D0B472042809017CA0D /* AFURLRequestSerialization.m in Sources */ = {isa = PBXBuildFile; fileRef = 5CBEF4B127A74C4281A67B9A /* AFURLRequestSerialization.m */; };
		4A4F7FC8A99B4CFE97633D61 /* AFURLResponseSerialization.m in Sources */ = {isa = PBXBuildFile; fileRef = F3B3EDC5BDD840E9853179CF /* AFURLResponseSerialization.m */; };
		3900F8FE768B49509F957E8B /* AFURLSessionManager.m in Sources */ = {isa = PBXBuildFile; fileRef = 766BA9A6C07648F4B1465719 /* AFURLSessionManager.m */; };
		2866077306504CED91452FDD /* Security.framework in Frameworks */ = {isa = PBXBuildFile; fileRef = 93D730EB42294063B460CB05 /* Security.framework */; };
		37B8D6952EA04904A34349D4 /* SystemConfiguration.framework in Frameworks */ = {isa = PBXBuildFile; fileRef = 24E2962C418D445DB8F4303E /* SystemConfiguration.framework */; };
/* End PBXBuildFile section */

/* Begin PBXContainerItemProxy section */
		301BF534109A57CC0062928A /* PBXContainerItemProxy */ = {
			isa = PBXContainerItemProxy;
			containerPortal = 301BF52D109A57CC0062928A /* CordovaLib.xcodeproj */;
			proxyType = 2;
			remoteGlobalIDString = D2AAC07E0554694100DB518D;
			remoteInfo = CordovaLib;
		};
		301BF550109A68C00062928A /* PBXContainerItemProxy */ = {
			isa = PBXContainerItemProxy;
			containerPortal = 301BF52D109A57CC0062928A /* CordovaLib.xcodeproj */;
			proxyType = 1;
			remoteGlobalIDString = D2AAC07D0554694100DB518D;
			remoteInfo = CordovaLib;
		};
/* End PBXContainerItemProxy section */

/* Begin PBXFileReference section */
		0207DA571B56EA530066E2B4 /* Images.xcassets */ = {isa = PBXFileReference; lastKnownFileType = folder.assetcatalog; name = Images.xcassets; path = "MyApp/Images.xcassets"; sourceTree = SOURCE_ROOT; };
		1D3623240D0F684500981E51 /* AppDelegate.h */ = {isa = PBXFileReference; fileEncoding = 4; lastKnownFileType = sourcecode.c.h; path = AppDelegate.h; sourceTree = "<group>"; };
		1D3623250D0F684500981E51 /* AppDelegate.m */ = {isa = PBXFileReference; fileEncoding = 4; lastKnownFileType = sourcecode.c.objc; path = AppDelegate.m; sourceTree = "<group>"; };
		1D6058910D05DD3D006BFB54 /* MyApp.app */ = {isa = PBXFileReference; explicitFileType = wrapper.application; includeInIndex = 0; path = "MyApp.app"; sourceTree = BUILT_PRODUCTS_DIR; };
		29B97316FDCFA39411CA2CEA /* main.m */ = {isa = PBXFileReference; fileEncoding = 4; lastKnownFileType = sourcecode.c.objc; path = main.m; sourceTree = "<group>"; };
		301BF52D109A57CC0062928A /* CordovaLib.xcodeproj */ = {isa = PBXFileReference; lastKnownFileType = "wrapper.pb-project"; path = CordovaLib/CordovaLib.xcodeproj; sourceTree = "<group>"; };
		301BF56E109A69640062928A /* www */ = {isa = PBXFileReference; lastKnownFileType = folder; path = www; sourceTree = SOURCE_ROOT; };
		302D95EE14D2391D003F00A1 /* MainViewController.h */ = {isa = PBXFileReference; fileEncoding = 4; lastKnownFileType = sourcecode.c.h; path = MainViewController.h; sourceTree = "<group>"; };
		302D95EF14D2391D003F00A1 /* MainViewController.m */ = {isa = PBXFileReference; fileEncoding = 4; lastKnownFileType = sourcecode.c.objc; path = MainViewController.m; sourceTree = "<group>"; };
		302D95F014D2391D003F00A1 /* MainViewController.xib */ = {isa = PBXFileReference; fileEncoding = 4; lastKnownFileType = file.xib; path = MainViewController.xib; sourceTree = "<group>"; };
		3047A50F1AB8059700498E2A /* build-debug.xcconfig */ = {isa = PBXFileReference; fileEncoding = 4; lastKnownFileType = text.xcconfig; name = "build-debug.xcconfig"; path = cordova/build-debug.xcconfig; sourceTree = SOURCE_ROOT; };
		3047A5101AB8059700498E2A /* build-release.xcconfig */ = {isa = PBXFileReference; fileEncoding = 4; lastKnownFileType = text.xcconfig; name = "build-release.xcconfig"; path = cordova/build-release.xcconfig; sourceTree = SOURCE_ROOT; };
		3047A5111AB8059700498E2A /* build.xcconfig */ = {isa = PBXFileReference; fileEncoding = 4; lastKnownFileType = text.xcconfig; name = build.xcconfig; path = cordova/build.xcconfig; sourceTree = SOURCE_ROOT; };
		32CA4F630368D1EE00C91783 /* MyApp-Prefix.pch */ = {isa = PBXFileReference; fileEncoding = 4; lastKnownFileType = sourcecode.c.h; path = "MyApp-Prefix.pch"; sourceTree = "<group>"; };
		6AFF5BF81D6E424B00AB3073 /* CDVLaunchScreen.storyboard */ = {isa = PBXFileReference; fileEncoding = 4; lastKnownFileType = file.storyboard; name = CDVLaunchScreen.storyboard; path = "MyApp/CDVLaunchScreen.storyboard"; sourceTree = SOURCE_ROOT; };
		8D1107310486CEB800E47090 /* MyApp-Info.plist */ = {isa = PBXFileReference; fileEncoding = 4; lastKnownFileType = text.plist.xml; name = "MyApp-Info.plist"; path = "MyApp/MyApp-Info.plist"; plistStructureDefinitionIdentifier = "com.apple.xcode.plist.structure-definition.iphone.info-plist"; sourceTree = SOURCE_ROOT; };
		EB87FDF31871DA8E0020F90C /* www */ = {isa = PBXFileReference; lastKnownFileType = folder; name = www; path = ../../www; sourceTree = "<group>"; };
		EB87FDF41871DAF40020F90C /* config.xml */ = {isa = PBXFileReference; lastKnownFileType = text.xml; name = config.xml; path = ../../config.xml; sourceTree = "<group>"; };
		F840E1F0165FE0F500CFE078 /* config.xml */ = {isa = PBXFileReference; lastKnownFileType = text.xml; name = config.xml; path = "MyApp/config.xml"; sourceTree = "<group>"; };
		ED33DF2A687741AEAF9F8254 /* Bridging-Header.h */ = {isa = PBXFileReference; fileEncoding = 4; lastKnownFileType = sourcecode.c.h; name = "Bridging-Header.h"; path = "Bridging-Header.h"; sourceTree = "<group>"; };
		8007FAA7B56F4A2CB7317D61 /* CDVLogger.m */ = {isa = PBXFileReference; name = "CDVLogger.m"; path = "cordova-plugin-console/CDVLogger.m"; sourceTree = "<group>"; fileEncoding = 4; lastKnownFileType = sourcecode.c.objc; explicitFileType = undefined; includeInIndex = 0; };
		9E5E33CCCA5F4A3D94D9B7D8 /* CDVLogger.h */ = {isa = PBXFileReference; name = "CDVLogger.h"; path = "cordova-plugin-console/CDVLogger.h"; sourceTree = "<group>"; fileEncoding = 4; lastKnownFileType = sourcecode.c.h; explicitFileType = undefined; includeInIndex = 0; };
		9B3E4119B0854B0F83A8EEE4 /* CDVDevice.m */ = {isa = PBXFileReference; name = "CDVDevice.m"; path = "cordova-plugin-device/CDVDevice.m"; sourceTree = "<group>"; fileEncoding = 4; lastKnownFileType = sourcecode.c.objc; explicitFileType = undefined; includeInIndex = 0; };
		8869AB1FCBD442C08DCEE5A1 /* CDVDevice.h */ = {isa = PBXFileReference; name = "CDVDevice.h"; path = "cordova-plugin-device/CDVDevice.h"; sourceTree = "<group>"; fileEncoding = 4; lastKnownFileType = sourcecode.c.h; explicitFileType = undefined; includeInIndex = 0; };
		D0AD406C9D81404EB65173BD /* CDVSplashScreen.m */ = {isa = PBXFileReference; name = "CDVSplashScreen.m"; path = "cordova-plugin-splashscreen/CDVSplashScreen.m"; sourceTree = "<group>"; fileEncoding = 4; lastKnownFileType = sourcecode.c.objc; explicitFileType = undefined; includeInIndex = 0; };
		71BB92C27B454B13BCC6B504 /* CDVViewController+SplashScreen.m */ = {isa = PBXFileReference; name = "CDVViewController+SplashScreen.m"; path = "cordova-plugin-splashscreen/CDVViewController+SplashScreen.m"; sourceTree = "<group>"; fileEncoding = 4; lastKnownFileType = sourcecode.c.objc; explicitFileType = undefined; includeInIndex = 0; };
		7FE6F2DDC6554914BF31A073 /* CDVSplashScreen.h */ = {isa = PBXFileReference; name = "CDVSplashScreen.h"; path = "cordova-plugin-splashscreen/CDVSplashScreen.h"; sourceTree = "<group>"; fileEncoding = 4; lastKnownFileType = sourcecode.c.h; explicitFileType = undefined; includeInIndex = 0; };
		E20185AF2E4B47839C39A54B /* CDVViewController+SplashScreen.h */ = {isa = PBXFileReference; name = "CDVViewController+SplashScreen.h"; path = "cordova-plugin-splashscreen/CDVViewController+SplashScreen.h"; sourceTree = "<group>"; fileEncoding = 4; lastKnownFileType = sourcecode.c.h; explicitFileType = undefined; includeInIndex = 0; };
		7AE488A5021343088A1E48FA /* CDVStatusBar.m */ = {isa = PBXFileReference; name = "CDVStatusBar.m"; path = "cordova-plugin-statusbar/CDVStatusBar.m"; sourceTree = "<group>"; fileEncoding = 4; lastKnownFileType = sourcecode.c.objc; explicitFileType = undefined; includeInIndex = 0; };
		92EF2802131A48D5A6C8FB09 /* CDVStatusBar.h */ = {isa = PBXFileReference; name = "CDVStatusBar.h"; path = "cordova-plugin-statusbar/CDVStatusBar.h"; sourceTree = "<group>"; fileEncoding = 4; lastKnownFileType = sourcecode.c.h; explicitFileType = undefined; includeInIndex = 0; };
		EEAD626F882E495CA08CA1EB /* IonicKeyboard.m */ = {isa = PBXFileReference; name = "IonicKeyboard.m"; path = "ionic-plugin-keyboard/IonicKeyboard.m"; sourceTree = "<group>"; fileEncoding = 4; lastKnownFileType = sourcecode.c.objc; explicitFileType = undefined; includeInIndex = 0; };
		5D27CF570B9C4AB4A100BF1E /* IonicKeyboard.h */ = {isa = PBXFileReference; name = "IonicKeyboard.h"; path = "ionic-plugin-keyboard/IonicKeyboard.h"; sourceTree = "<group>"; fileEncoding = 4; lastKnownFileType = sourcecode.c.h; explicitFileType = undefined; includeInIndex = 0; };
		3A059051186348818778C847 /* CDVFile.m */ = {isa = PBXFileReference; name = "CDVFile.m"; path = "cordova-plugin-file/CDVFile.m"; sourceTree = "<group>"; fileEncoding = 4; lastKnownFileType = sourcecode.c.objc; explicitFileType = undefined; includeInIndex = 0; };
		214293CF5008495C888C7742 /* CDVLocalFilesystem.m */ = {isa = PBXFileReference; name = "CDVLocalFilesystem.m"; path = "cordova-plugin-file/CDVLocalFilesystem.m"; sourceTree = "<group>"; fileEncoding = 4; lastKnownFileType = sourcecode.c.objc; explicitFileType = undefined; includeInIndex = 0; };
		6FEB077E9D4145D088BDAE0A /* CDVAssetLibraryFilesystem.m */ = {isa = PBXFileReference; name = "CDVAssetLibraryFilesystem.m"; path = "cordova-plugin-file/CDVAssetLibraryFilesystem.m"; sourceTree = "<group>"; fileEncoding = 4; lastKnownFileType = sourcecode.c.objc; explicitFileType = undefined; includeInIndex = 0; };
		85FC225412F0429F8F1AE930 /* CDVFile.h */ = {isa = PBXFileReference; name = "CDVFile.h"; path = "cordova-plugin-file/CDVFile.h"; sourceTree = "<group>"; fileEncoding = 4; lastKnownFileType = sourcecode.c.h; explicitFileType = undefined; includeInIndex = 0; };
		4B854FF9CBCD458C83A83AFC /* CDVLocalFilesystem.h */ = {isa = PBXFileReference; name = "CDVLocalFilesystem.h"; path = "cordova-plugin-file/CDVLocalFilesystem.h"; sourceTree = "<group>"; fileEncoding = 4; lastKnownFileType = sourcecode.c.h; explicitFileType = undefined; includeInIndex = 0; };
		B5193D310A2B4BED9F1D9BA7 /* CDVAssetLibraryFilesystem.h */ = {isa = PBXFileReference; name = "CDVAssetLibraryFilesystem.h"; path = "cordova-plugin-file/CDVAssetLibraryFilesystem.h"; sourceTree = "<group>"; fileEncoding = 4; lastKnownFileType = sourcecode.c.h; explicitFileType = undefined; includeInIndex = 0; };
		D4DB6A2EC0D24772ACF09539 /* CordovaHttpPlugin.m */ = {isa = PBXFileReference; name = "CordovaHttpPlugin.m"; path = "cordova-plugin-http/CordovaHttpPlugin.m"; sourceTree = "<group>"; fileEncoding = 4; lastKnownFileType = sourcecode.c.objc; explicitFileType = undefined; includeInIndex = 0; };
		ABB765372F86427C90E6E6F4 /* TextResponseSerializer.m */ = {isa = PBXFileReference; name = "TextResponseSerializer.m"; path = "cordova-plugin-http/TextResponseSerializer.m"; sourceTree = "<group>"; fileEncoding = 4; lastKnownFileType = sourcecode.c.objc; explicitFileType = undefined; includeInIndex = 0; };
		8585F3F4EE71415C880B1C2C /* AFHTTPSessionManager.m */ = {isa = PBXFileReference; name = "AFHTTPSessionManager.m"; path = "cordova-plugin-http/AFHTTPSessionManager.m"; sourceTree = "<group>"; fileEncoding = 4; lastKnownFileType = sourcecode.c.objc; explicitFileType = undefined; includeInIndex = 0; };
		5FA5439DFD9946B884A03397 /* AFNetworkReachabilityManager.m */ = {isa = PBXFileReference; name = "AFNetworkReachabilityManager.m"; path = "cordova-plugin-http/AFNetworkReachabilityManager.m"; sourceTree = "<group>"; fileEncoding = 4; lastKnownFileType = sourcecode.c.objc; explicitFileType = undefined; includeInIndex = 0; };
		102B9E6BC79841FD8AA1C4F9 /* AFSecurityPolicy.m */ = {isa = PBXFileReference; name = "AFSecurityPolicy.m"; path = "cordova-plugin-http/AFSecurityPolicy.m"; sourceTree = "<group>"; fileEncoding = 4; lastKnownFileType = sourcecode.c.objc; explicitFileType = undefined; includeInIndex = 0; };
		5CBEF4B127A74C4281A67B9A /* AFURLRequestSerialization.m */ = {isa = PBXFileReference; name = "AFURLRequestSerialization.m"; path = "cordova-plugin-http/AFURLRequestSerialization.m"; sourceTree = "<group>"; fileEncoding = 4; lastKnownFileType = sourcecode.c.objc; explicitFileType = undefined; includeInIndex = 0; };
		F3B3EDC5BDD840E9853179CF /* AFURLResponseSerialization.m */ = {isa = PBXFileReference; name = "AFURLResponseSerialization.m"; path = "cordova-plugin-http/AFURLResponseSerialization.m"; sourceTree = "<group>"; fileEncoding = 4; lastKnownFileType = sourcecode.c.objc; explicitFileType = undefined; includeInIndex = 0; };
		766BA9A6C07648F4B1465719 /* AFURLSessionManager.m */ = {isa = PBXFileReference; name = "AFURLSessionManager.m"; path = "cordova-plugin-http/AFURLSessionManager.m"; sourceTree = "<group>"; fileEncoding = 4; lastKnownFileType = sourcecode.c.objc; explicitFileType = undefined; includeInIndex = 0; };
		7A04F5DAD1E3419BA86E51B0 /* CordovaHttpPlugin.h */ = {isa = PBXFileReference; name = "CordovaHttpPlugin.h"; path = "cordova-plugin-http/CordovaHttpPlugin.h"; sourceTree = "<group>"; fileEncoding = 4; lastKnownFileType = sourcecode.c.h; explicitFileType = undefined; includeInIndex = 0; };
		05A65F62302342F28D90A341 /* TextResponseSerializer.h */ = {isa = PBXFileReference; name = "TextResponseSerializer.h"; path = "cordova-plugin-http/TextResponseSerializer.h"; sourceTree = "<group>"; fileEncoding = 4; lastKnownFileType = sourcecode.c.h; explicitFileType = undefined; includeInIndex = 0; };
		5D94BA415EFA4114B66EEBFA /* AFHTTPSessionManager.h */ = {isa = PBXFileReference; name = "AFHTTPSessionManager.h"; path = "cordova-plugin-http/AFHTTPSessionManager.h"; sourceTree = "<group>"; fileEncoding = 4; lastKnownFileType = sourcecode.c.h; explicitFileType = undefined; includeInIndex = 0; };
		C486F22441384D9985344AC1 /* AFNetworking.h */ = {isa = PBXFileReference; name = "AFNetworking.h"; path = "cordova-plugin-http/AFNetworking.h"; sourceTree = "<group>"; fileEncoding = 4; lastKnownFileType = sourcecode.c.h; explicitFileType = undefined; includeInIndex = 0; };
		7530CABCCE5343B08D387E8B /* AFNetworkReachabilityManager.h */ = {isa = PBXFileReference; name = "AFNetworkReachabilityManager.h"; path = "cordova-plugin-http/AFNetworkReachabilityManager.h"; sourceTree = "<group>"; fileEncoding = 4; lastKnownFileType = sourcecode.c.h; explicitFileType = undefined; includeInIndex = 0; };
		7EAC6C21363D4605902D7894 /* AFSecurityPolicy.h */ = {isa = PBXFileReference; name = "AFSecurityPolicy.h"; path = "cordova-plugin-http/AFSecurityPolicy.h"; sourceTree = "<group>"; fileEncoding = 4; lastKnownFileType = sourcecode.c.h; explicitFileType = undefined; includeInIndex = 0; };
		E8CBD805B7E54E7D8C104AEA /* AFURLRequestSerialization.h */ = {isa = PBXFileReference; name = "AFURLRequestSerialization.h"; path = "cordova-plugin-http/AFURLRequestSerialization.h"; sourceTree = "<group>"; fileEncoding = 4; lastKnownFileType = sourcecode.c.h; explicitFileType = undefined; includeInIndex = 0; };
		DD58D3D35BC2493C9D71A211 /* AFURLResponseSerialization.h */ = {isa = PBXFileReference; name = "AFURLResponseSerialization.h"; path = "cordova-plugin-http/AFURLResponseSerialization.h"; sourceTree = "<group>"; fileEncoding = 4; lastKnownFileType = sourcecode.c.h; explicitFileType = undefined; includeInIndex = 0; };
		AAE0CA408B59452FA34FB3AC /* AFURLSessionManager.h */ = {isa = PBXFileReference; name = "AFURLSessionManager.h"; path = "cordova-plugin-http/AFURLSessionManager.h"; sourceTree = "<group>"; fileEncoding = 4; lastKnownFileType = sourcecode.c.h; explicitFileType = undefined; includeInIndex = 0; };
		93D730EB42294063B460CB05 /* Security.framework */ = {isa = PBXFileReference; name = "Security.framework"; path = "System/Library/Frameworks/Security.framework"; sourceTree = SDKROOT; fileEncoding = undefined; lastKnownFileType = wrapper.framework; explicitFileType = undefined; includeInIndex = 0; };
		24E2962C418D445DB8F4303E /* SystemConfiguration.framework */ = {isa = PBXFileReference; name = "SystemConfiguration.framework"; path = "System/Library/Frameworks/SystemConfiguration.framework"; sourceTree = SDKROOT; fileEncoding = undefined; lastKnownFileType = wrapper.framework; explicitFileType = undefined; includeInIndex = 0; };
/* End PBXFileReference section */

/* Begin PBXFrameworksBuildPhase section */
		1D60588F0D05DD3D006BFB54 /* Frameworks */ = {
			isa = PBXFrameworksBuildPhase;
			buildActionMask = 2147483647;
			files = (
				301BF552109A68D80062928A /* libCordova.a in Frameworks */,
				2866077306504CED91452FDD /* Security.framework in Frameworks */,
				37B8D6952EA04904A34349D4 /* SystemConfiguration.framework in Frameworks */,
			);
			runOnlyForDeploymentPostprocessing = 0;
		};
/* End PBXFrameworksBuildPhase section */

/* Begin PBXGroup section */
		080E96DDFE201D6D7F000001 /* Classes */ = {
			isa = PBXGroup;
			children = (
				302D95EE14D2391D003F00A1 /* MainViewController.h */,
				302D95EF14D2391D003F00A1 /* MainViewController.m */,
				302D95F014D2391D003F00A1 /* MainViewController.xib */,
				1D3623240D0F684500981E51 /* AppDelegate.h */,
				1D3623250D0F684500981E51 /* AppDelegate.m */,
			);
			name = Classes;
			path = "MyApp/Classes";
			sourceTree = SOURCE_ROOT;
		};
		19C28FACFE9D520D11CA2CBB /* Products */ = {
			isa = PBXGroup;
			children = (
				1D6058910D05DD3D006BFB54 /* MyApp.app */,
			);
			name = Products;
			sourceTree = "<group>";
		};
		29B97314FDCFA39411CA2CEA /* CustomTemplate */ = {
			isa = PBXGroup;
			children = (
				EB87FDF41871DAF40020F90C /* config.xml */,
				EB87FDF31871DA8E0020F90C /* www */,
				EB87FDF11871DA420020F90C /* Staging */,
				301BF52D109A57CC0062928A /* CordovaLib.xcodeproj */,
				080E96DDFE201D6D7F000001 /* Classes */,
				307C750510C5A3420062BCA9 /* Plugins */,
				29B97315FDCFA39411CA2CEA /* Other Sources */,
				29B97317FDCFA39411CA2CEA /* Resources */,
				29B97323FDCFA39411CA2CEA /* Frameworks */,
				19C28FACFE9D520D11CA2CBB /* Products */,
			);
			name = CustomTemplate;
			sourceTree = "<group>";
		};
		29B97315FDCFA39411CA2CEA /* Other Sources */ = {
			isa = PBXGroup;
			children = (
				32CA4F630368D1EE00C91783 /* MyApp-Prefix.pch */,
				29B97316FDCFA39411CA2CEA /* main.m */,
				ED33DF2A687741AEAF9F8254 /* Bridging-Header.h */,
			);
			name = "Other Sources";
			path = "MyApp";
			sourceTree = "<group>";
		};
		29B97317FDCFA39411CA2CEA /* Resources */ = {
			isa = PBXGroup;
			children = (
				0207DA571B56EA530066E2B4 /* Images.xcassets */,
				3047A50E1AB8057F00498E2A /* config */,
				8D1107310486CEB800E47090 /* MyApp-Info.plist */,
				6AFF5BF81D6E424B00AB3073 /* CDVLaunchScreen.storyboard */,
			);
			name = Resources;
			path = "MyApp/Resources";
			sourceTree = "<group>";
		};
		29B97323FDCFA39411CA2CEA /* Frameworks */ = {
			isa = PBXGroup;
			children = (
				93D730EB42294063B460CB05 /* Security.framework */,
				24E2962C418D445DB8F4303E /* SystemConfiguration.framework */,
			);
			name = Frameworks;
			sourceTree = "<group>";
		};
		301BF52E109A57CC0062928A /* Products */ = {
			isa = PBXGroup;
			children = (
				301BF535109A57CC0062928A /* libCordova.a */,
			);
			name = Products;
			sourceTree = "<group>";
		};
		3047A50E1AB8057F00498E2A /* config */ = {
			isa = PBXGroup;
			children = (
				3047A50F1AB8059700498E2A /* build-debug.xcconfig */,
				3047A5101AB8059700498E2A /* build-release.xcconfig */,
				3047A5111AB8059700498E2A /* build.xcconfig */,
			);
			name = config;
			sourceTree = "<group>";
		};
		307C750510C5A3420062BCA9 /* Plugins */ = {
			isa = PBXGroup;
			children = (
				8007FAA7B56F4A2CB7317D61 /* CDVLogger.m */,
				9E5E33CCCA5F4A3D94D9B7D8 /* CDVLogger.h */,
				9B3E4119B0854B0F83A8EEE4 /* CDVDevice.m */,
				8869AB1FCBD442C08DCEE5A1 /* CDVDevice.h */,
				D0AD406C9D81404EB65173BD /* CDVSplashScreen.m */,
				71BB92C27B454B13BCC6B504 /* CDVViewController+SplashScreen.m */,
				7FE6F2DDC6554914BF31A073 /* CDVSplashScreen.h */,
				E20185AF2E4B47839C39A54B /* CDVViewController+SplashScreen.h */,
				7AE488A5021343088A1E48FA /* CDVStatusBar.m */,
				92EF2802131A48D5A6C8FB09 /* CDVStatusBar.h */,
				EEAD626F882E495CA08CA1EB /* IonicKeyboard.m */,
				5D27CF570B9C4AB4A100BF1E /* IonicKeyboard.h */,
				3A059051186348818778C847 /* CDVFile.m */,
				214293CF5008495C888C7742 /* CDVLocalFilesystem.m */,
				6FEB077E9D4145D088BDAE0A /* CDVAssetLibraryFilesystem.m */,
				85FC225412F0429F8F1AE930 /* CDVFile.h */,
				4B854FF9CBCD458C83A83AFC /* CDVLocalFilesystem.h */,
				B5193D310A2B4BED9F1D9BA7 /* CDVAssetLibraryFilesystem.h */,
				D4DB6A2EC0D24772ACF09539 /* CordovaHttpPlugin.m */,
				ABB765372F86427C90E6E6F4 /* TextResponseSerializer.m */,
				8585F3F4EE71415C880B1C2C /* AFHTTPSessionManager.m */,
				5FA5439DFD9946B884A03397 /* AFNetworkReachabilityManager.m */,
				102B9E6BC79841FD8AA1C4F9 /* AFSecurityPolicy.m */,
				5CBEF4B127A74C4281A67B9A /* AFURLRequestSerialization.m */,
				F3B3EDC5BDD840E9853179CF /* AFURLResponseSerialization.m */,
				766BA9A6C07648F4B1465719 /* AFURLSessionManager.m */,
				7A04F5DAD1E3419BA86E51B0 /* CordovaHttpPlugin.h */,
				05A65F62302342F28D90A341 /* TextResponseSerializer.h */,
				5D94BA415EFA4114B66EEBFA /* AFHTTPSessionManager.h */,
				C486F22441384D9985344AC1 /* AFNetworking.h */,
				7530CABCCE5343B08D387E8B /* AFNetworkReachabilityManager.h */,
				7EAC6C21363D4605902D7894 /* AFSecurityPolicy.h */,
				E8CBD805B7E54E7D8C104AEA /* AFURLRequestSerialization.h */,
				DD58D3D35BC2493C9D71A211 /* AFURLResponseSerialization.h */,
				AAE0CA408B59452FA34FB3AC /* AFURLSessionManager.h */,
			);
			name = Plugins;
			path = "MyApp/Plugins";
			sourceTree = SOURCE_ROOT;
		};
		EB87FDF11871DA420020F90C /* Staging */ = {
			isa = PBXGroup;
			children = (
				F840E1F0165FE0F500CFE078 /* config.xml */,
				301BF56E109A69640062928A /* www */,
			);
			name = Staging;
			sourceTree = "<group>";
		};
/* End PBXGroup section */

/* Begin PBXNativeTarget section */
		1D6058900D05DD3D006BFB54 /* MyApp */ = {
			isa = PBXNativeTarget;
			buildConfigurationList = 1D6058960D05DD3E006BFB54 /* Build configuration list for PBXNativeTarget "MyApp" */;
			buildPhases = (
				304B58A110DAC018002A0835 /* Copy www directory */,
				1D60588D0D05DD3D006BFB54 /* Resources */,
				1D60588E0D05DD3D006BFB54 /* Sources */,
				1D60588F0D05DD3D006BFB54 /* Frameworks */,
			);
			buildRules = (
			);
			dependencies = (
				301BF551109A68C00062928A /* PBXTargetDependency */,
			);
			name = "MyApp";
			productName = "MyApp";
			productReference = 1D6058910D05DD3D006BFB54 /* MyApp.app */;
			productType = "com.apple.product-type.application";
		};
/* End PBXNativeTarget section */

/* Begin PBXProject section */
		29B97313FDCFA39411CA2CEA /* Project object */ = {
			isa = PBXProject;
			attributes = {
				LastUpgradeCheck = 510;
			};
			buildConfigurationList = C01FCF4E08A954540054247B /* Build configuration list for PBXProject "__NON-CLI__" */;
			compatibilityVersion = "Xcode 3.2";
			developmentRegion = English;
			hasScannedForEncodings = 1;
			mainGroup = 29B97314FDCFA39411CA2CEA /* CustomTemplate */;
			projectDirPath = "";
			projectReferences = (
				{
					ProductGroup = 301BF52E109A57CC0062928A /* Products */;
					ProjectRef = 301BF52D109A57CC0062928A /* CordovaLib.xcodeproj */;
				},
			);
			projectRoot = "";
			targets = (
				1D6058900D05DD3D006BFB54 /* MyApp */,
			);
		};
/* End PBXProject section */

/* Begin PBXReferenceProxy section */
		301BF535109A57CC0062928A /* libCordova.a */ = {
			isa = PBXReferenceProxy;
			fileType = archive.ar;
			path = libCordova.a;
			remoteRef = 301BF534109A57CC0062928A /* PBXContainerItemProxy */;
			sourceTree = BUILT_PRODUCTS_DIR;
		};
/* End PBXReferenceProxy section */

/* Begin PBXResourcesBuildPhase section */
		1D60588D0D05DD3D006BFB54 /* Resources */ = {
			isa = PBXResourcesBuildPhase;
			buildActionMask = 2147483647;
			files = (
				302D95F214D2391D003F00A1 /* MainViewController.xib in Resources */,
				0207DA581B56EA530066E2B4 /* Images.xcassets in Resources */,
				6AFF5BF91D6E424B00AB3073 /* CDVLaunchScreen.storyboard in Resources */,
			);
			runOnlyForDeploymentPostprocessing = 0;
		};
/* End PBXResourcesBuildPhase section */

/* Begin PBXShellScriptBuildPhase section */
		304B58A110DAC018002A0835 /* Copy www directory */ = {
			isa = PBXShellScriptBuildPhase;
			buildActionMask = 2147483647;
			files = (
			);
			inputPaths = (
			);
			name = "Copy www directory";
			outputPaths = (
			);
			runOnlyForDeploymentPostprocessing = 0;
			shellPath = /bin/sh;
			shellScript = "NODEJS_PATH=/usr/local/bin; NVM_NODE_PATH=~/.nvm/versions/node/`nvm version 2>/dev/null`/bin; N_NODE_PATH=`find /usr/local/n/versions/node/* -maxdepth 0 -type d 2>/dev/null | tail -1`/bin; XCODE_NODE_PATH=`xcode-select --print-path`/usr/share/xcs/Node/bin; PATH=$NODEJS_PATH:$NVM_NODE_PATH:$N_NODE_PATH:$XCODE_NODE_PATH:$PATH && node cordova/lib/copy-www-build-step.js";
			showEnvVarsInLog = 0;
		};
/* End PBXShellScriptBuildPhase section */

/* Begin PBXSourcesBuildPhase section */
		1D60588E0D05DD3D006BFB54 /* Sources */ = {
			isa = PBXSourcesBuildPhase;
			buildActionMask = 2147483647;
			files = (
				1D60589B0D05DD56006BFB54 /* main.m in Sources */,
				1D3623260D0F684500981E51 /* AppDelegate.m in Sources */,
				302D95F114D2391D003F00A1 /* MainViewController.m in Sources */,
				DC616C19AF5846828BAF94EC /* CDVLogger.m in Sources */,
				300E17033BD84A3686EDF7C8 /* CDVDevice.m in Sources */,
				6B0C5DC282744F6A86A1C4E7 /* CDVSplashScreen.m in Sources */,
				8FED05554A8747BCBB2F4918 /* CDVViewController+SplashScreen.m in Sources */,
				A9DC974C260740B1832919BF /* CDVStatusBar.m in Sources */,
				F9A5983D4D72455A86F61B7C /* IonicKeyboard.m in Sources */,
				D5D1891929AD4AA1BBCCCB7A /* CDVFile.m in Sources */,
				EEF92B0E88984F86BF5167E0 /* CDVLocalFilesystem.m in Sources */,
				2B7375CB19BD42F491E5FFE5 /* CDVAssetLibraryFilesystem.m in Sources */,
				F0B0D8B582BE4860912CE360 /* CordovaHttpPlugin.m in Sources */,
				1FF973DA6FF5409A9C08D1E3 /* TextResponseSerializer.m in Sources */,
				2A42D7828CDC4EA481065AAF /* AFHTTPSessionManager.m in Sources */,
				F4C52D37492B4FA8A8C1167B /* AFNetworkReachabilityManager.m in Sources */,
				BBCB4ED3DE22474DA24D4F65 /* AFSecurityPolicy.m in Sources */,
				F2A40D0B472042809017CA0D /* AFURLRequestSerialization.m in Sources */,
				4A4F7FC8A99B4CFE97633D61 /* AFURLResponseSerialization.m in Sources */,
				3900F8FE768B49509F957E8B /* AFURLSessionManager.m in Sources */,
			);
			runOnlyForDeploymentPostprocessing = 0;
		};
/* End PBXSourcesBuildPhase section */

/* Begin PBXTargetDependency section */
		301BF551109A68C00062928A /* PBXTargetDependency */ = {
			isa = PBXTargetDependency;
			name = CordovaLib;
			targetProxy = 301BF550109A68C00062928A /* PBXContainerItemProxy */;
		};
/* End PBXTargetDependency section */

/* Begin XCBuildConfiguration section */
		1D6058940D05DD3E006BFB54 /* Debug */ = {
			isa = XCBuildConfiguration;
			baseConfigurationReference = 3047A50F1AB8059700498E2A /* build-debug.xcconfig */;
			buildSettings = {
				ALWAYS_SEARCH_USER_PATHS = NO;
				ASSETCATALOG_COMPILER_APPICON_NAME = AppIcon;
				ASSETCATALOG_COMPILER_LAUNCHIMAGE_NAME = LaunchImage;
				CLANG_ENABLE_MODULES = YES;
				CLANG_ENABLE_OBJC_ARC = YES;
				COPY_PHASE_STRIP = NO;
				GCC_DYNAMIC_NO_PIC = NO;
				GCC_OPTIMIZATION_LEVEL = 0;
				GCC_PRECOMPILE_PREFIX_HEADER = YES;
				GCC_PREFIX_HEADER = "MyApp/MyApp-Prefix.pch";
				GCC_THUMB_SUPPORT = NO;
				GCC_VERSION = "";
				INFOPLIST_FILE = "MyApp/MyApp-Info.plist";
				IPHONEOS_DEPLOYMENT_TARGET = 9.0;
				LD_RUNPATH_SEARCH_PATHS = "@executable_path/Frameworks";
				TARGETED_DEVICE_FAMILY = "1,2";
				PRODUCT_NAME = "MyApp";
			};
			name = Debug;
		};
		1D6058950D05DD3E006BFB54 /* Release */ = {
			isa = XCBuildConfiguration;
			baseConfigurationReference = 3047A5101AB8059700498E2A /* build-release.xcconfig */;
			buildSettings = {
				ALWAYS_SEARCH_USER_PATHS = NO;
				ASSETCATALOG_COMPILER_APPICON_NAME = AppIcon;
				ASSETCATALOG_COMPILER_LAUNCHIMAGE_NAME = LaunchImage;
				CLANG_ENABLE_MODULES = YES;
				CLANG_ENABLE_OBJC_ARC = YES;
				COPY_PHASE_STRIP = YES;
				GCC_PRECOMPILE_PREFIX_HEADER = YES;
				GCC_PREFIX_HEADER = "MyApp/MyApp-Prefix.pch";
				GCC_THUMB_SUPPORT = NO;
				GCC_VERSION = "";
				INFOPLIST_FILE = "MyApp/MyApp-Info.plist";
				IPHONEOS_DEPLOYMENT_TARGET = 9.0;
				LD_RUNPATH_SEARCH_PATHS = "@executable_path/Frameworks";
				TARGETED_DEVICE_FAMILY = "1,2";
				PRODUCT_NAME = "MyApp";
			};
			name = Release;
		};
		C01FCF4F08A954540054247B /* Debug */ = {
			isa = XCBuildConfiguration;
			baseConfigurationReference = 3047A5111AB8059700498E2A /* build.xcconfig */;
			buildSettings = {
				CLANG_ENABLE_MODULES = YES;
				CLANG_ENABLE_OBJC_ARC = YES;
				CLANG_WARN_BOOL_CONVERSION = YES;
				CLANG_WARN_CONSTANT_CONVERSION = YES;
				CLANG_WARN_EMPTY_BODY = YES;
				CLANG_WARN_ENUM_CONVERSION = YES;
				CLANG_WARN_INT_CONVERSION = YES;
				CLANG_WARN__DUPLICATE_METHOD_MATCH = YES;
				GCC_C_LANGUAGE_STANDARD = c99;
				GCC_THUMB_SUPPORT = NO;
				GCC_VERSION = "";
				GCC_WARN_ABOUT_RETURN_TYPE = YES;
				GCC_WARN_UNDECLARED_SELECTOR = YES;
				GCC_WARN_UNINITIALIZED_AUTOS = YES;
				GCC_WARN_UNUSED_FUNCTION = YES;
				GCC_WARN_UNUSED_VARIABLE = YES;
				ONLY_ACTIVE_ARCH = YES;
				SDKROOT = iphoneos;
				SKIP_INSTALL = NO;
				ASSETCATALOG_COMPILER_LAUNCHIMAGE_NAME = LaunchImage;
			};
			name = Debug;
		};
		C01FCF5008A954540054247B /* Release */ = {
			isa = XCBuildConfiguration;
			baseConfigurationReference = 3047A5111AB8059700498E2A /* build.xcconfig */;
			buildSettings = {
				CLANG_ENABLE_MODULES = YES;
				CLANG_ENABLE_OBJC_ARC = YES;
				CLANG_WARN_BOOL_CONVERSION = YES;
				CLANG_WARN_CONSTANT_CONVERSION = YES;
				CLANG_WARN_EMPTY_BODY = YES;
				CLANG_WARN_ENUM_CONVERSION = YES;
				CLANG_WARN_INT_CONVERSION = YES;
				CLANG_WARN__DUPLICATE_METHOD_MATCH = YES;
				GCC_C_LANGUAGE_STANDARD = c99;
				GCC_THUMB_SUPPORT = NO;
				GCC_VERSION = "";
				GCC_WARN_ABOUT_RETURN_TYPE = YES;
				GCC_WARN_UNDECLARED_SELECTOR = YES;
				GCC_WARN_UNINITIALIZED_AUTOS = YES;
				GCC_WARN_UNUSED_FUNCTION = YES;
				GCC_WARN_UNUSED_VARIABLE = YES;
				SDKROOT = iphoneos;
				SKIP_INSTALL = NO;
				ASSETCATALOG_COMPILER_LAUNCHIMAGE_NAME = LaunchImage;
			};
			name = Release;
		};
/* End XCBuildConfiguration section */

/* Begin XCConfigurationList section */
		1D6058960D05DD3E006BFB54 /* Build configuration list for PBXNativeTarget "MyApp" */ = {
			isa = XCConfigurationList;
			buildConfigurations = (
				1D6058940D05DD3E006BFB54 /* Debug */,
				1D6058950D05DD3E006BFB54 /* Release */,
			);
			defaultConfigurationIsVisible = 0;
			defaultConfigurationName = Release;
		};
		C01FCF4E08A954540054247B /* Build configuration list for PBXProject "__NON-CLI__" */ = {
			isa = XCConfigurationList;
			buildConfigurations = (
				C01FCF4F08A954540054247B /* Debug */,
				C01FCF5008A954540054247B /* Release */,
			);
			defaultConfigurationIsVisible = 0;
			defaultConfigurationName = Release;
		};
/* End XCConfigurationList section */
	};
	rootObject = 29B97313FDCFA39411CA2CEA /* Project object */;
}
